{
    "requires": true,
    "lockfileVersion": 1,
    "dependencies": {
        "sweetalert2": {
            "version": "8.13.0",
            "resolved": "https://registry.npmjs.org/sweetalert2/-/sweetalert2-8.13.0.tgz",
            "integrity": "sha512-jxsGw0+9jJS123rPzsaRVUJPm8HJnvuY6a02appPohW7I46DIIYnd/F7B6036uHSeunHfHRYLhtVcfTjDufjuQ=="
        }
    }
}
